{
  "requires": true,
  "lockfileVersion": 1,
  "dependencies": {
    "@fortawesome/fontawesome-free": {
      "version": "5.11.2",
      "resolved": "https://registry.npmjs.org/@fortawesome/fontawesome-free/-/fontawesome-free-5.11.2.tgz",
      "integrity": "sha512-XiUPoS79r1G7PcpnNtq85TJ7inJWe0v+b5oZJZKb0pGHNIV6+UiNeQWiFGmuQ0aj7GEhnD/v9iqxIsjuRKtEnQ==",
      "dev": true,
      "optional": true
    },
    "hexagon-js": {
      "version": "2.4.0",
      "resolved": "https://registry.npmjs.org/hexagon-js/-/hexagon-js-2.4.0.tgz",
      "integrity": "sha512-XFlfTaD7POI5sYkOO3Dq+VxETeT7Tv5UOmfHmggr3IqFG3+XJCSmiZnqT6g2puNKrt96/SmwXSUlijt/PCWE/g==",
      "dev": true,
      "requires": {
        "@fortawesome/fontawesome-free": "^5.9.0"
      }
    },
    "jquery": {
      "version": "2.2.4",
      "resolved": "https://registry.npmjs.org/jquery/-/jquery-2.2.4.tgz",
      "integrity": "sha1-LInWiJterFIqfuoywUUhVZxsvwI="
    },
    "js-base64": {
      "version": "2.5.1",
      "resolved": "https://registry.npmjs.org/js-base64/-/js-base64-2.5.1.tgz",
      "integrity": "sha512-M7kLczedRMYX4L8Mdh4MzyAMM9O5osx+4FcOQuTvr3A9F2D9S5JXheN0ewNbrvK2UatkTRhL5ejGmGSjNMiZuw=="
    },
    "pretty-checkbox": {
      "version": "3.0.3",
      "resolved": "https://registry.npmjs.org/pretty-checkbox/-/pretty-checkbox-3.0.3.tgz",
      "integrity": "sha1-1JyAE6j8CO4MLW695FNGS/28Qo4="
    },
    "progressbar.js": {
      "version": "1.0.1",
      "resolved": "https://registry.npmjs.org/progressbar.js/-/progressbar.js-1.0.1.tgz",
      "integrity": "sha1-9/v8GVJA/guzL2972y5/9ADqcfk=",
      "requires": {
        "shifty": "^1.5.2"
      }
    },
    "responsive-tabs": {
      "version": "1.6.3",
      "resolved": "https://registry.npmjs.org/responsive-tabs/-/responsive-tabs-1.6.3.tgz",
      "integrity": "sha1-IgqGUN6ec9cg0/cHbaUBcMReRJE=",
      "requires": {
        "jquery": ">=1.7.2 <3.0.0"
      }
    },
    "shifty": {
      "version": "1.5.4",
      "resolved": "https://registry.npmjs.org/shifty/-/shifty-1.5.4.tgz",
      "integrity": "sha1-1DYvyRTdKA3fblIr5AiyEgMgg0Y="
    }
  }
}
